
Microsoft Visual Studio Solution File, Format Version 12.00
# Visual Studio 15
VisualStudioVersion = 15.0.28307.106
MinimumVisualStudioVersion = 10.0.40219.1
Project("{FAE04EC0-301F-11D3-BF4B-00C04F79EFBC}") = "CV", "CV\CV.csproj", "{161C378A-70A8-4C76-A936-8BEF8E5B5DC2}"
EndProject
Global
	GlobalSection(SolutionConfigurationPlatforms) = preSolution
		Debug|Any CPU = Debug|Any CPU
		Release|Any CPU = Release|Any CPU
	EndGlobalSection
	GlobalSection(ProjectConfigurationPlatforms) = postSolution
		{161C378A-70A8-4C76-A936-8BEF8E5B5DC2}.Debug|Any CPU.ActiveCfg = Debug|Any CPU
		{161C378A-70A8-4C76-A936-8BEF8E5B5DC2}.Debug|Any CPU.Build.0 = Debug|Any CPU
		{161C378A-70A8-4C76-A936-8BEF8E5B5DC2}.Release|Any CPU.ActiveCfg = Release|Any CPU
		{161C378A-70A8-4C76-A936-8BEF8E5B5DC2}.Release|Any CPU.Build.0 = Release|Any CPU
	EndGlobalSection
	GlobalSection(SolutionProperties) = preSolution
		HideSolutionNode = FALSE
	EndGlobalSection
	GlobalSection(ExtensibilityGlobals) = postSolution
		SolutionGuid = {FCCF2C8B-DEE4-4913-B7E3-19E01E64F71D}
	EndGlobalSection
EndGlobal
